
Microsoft Visual Studio Solution File, Format Version 12.00
# Visual Studio 15
VisualStudioVersion = 15.0.27428.2005
MinimumVisualStudioVersion = 10.0.40219.1
Project("{FAE04EC0-301F-11D3-BF4B-00C04F79EFBC}") = "ColorsAndBallsWithProperties", "ColorsAndBallsWithProperties\ColorsAndBallsWithProperties.csproj", "{3E81903A-DB90-44C0-AE55-00977F5D7637}"
EndProject
Global
	GlobalSection(SolutionConfigurationPlatforms) = preSolution
		Debug|Any CPU = Debug|Any CPU
		Release|Any CPU = Release|Any CPU
	EndGlobalSection
	GlobalSection(ProjectConfigurationPlatforms) = postSolution
		{3E81903A-DB90-44C0-AE55-00977F5D7637}.Debug|Any CPU.ActiveCfg = Debug|Any CPU
		{3E81903A-DB90-44C0-AE55-00977F5D7637}.Debug|Any CPU.Build.0 = Debug|Any CPU
		{3E81903A-DB90-44C0-AE55-00977F5D7637}.Release|Any CPU.ActiveCfg = Release|Any CPU
		{3E81903A-DB90-44C0-AE55-00977F5D7637}.Release|Any CPU.Build.0 = Release|Any CPU
	EndGlobalSection
	GlobalSection(SolutionProperties) = preSolution
		HideSolutionNode = FALSE
	EndGlobalSection
	GlobalSection(ExtensibilityGlobals) = postSolution
		SolutionGuid = {0474489F-780B-4880-9490-1A324A29F300}
	EndGlobalSection
EndGlobal
