
Microsoft Visual Studio Solution File, Format Version 12.00
# Visual Studio 15
VisualStudioVersion = 15.0.27130.2026
MinimumVisualStudioVersion = 10.0.40219.1
Project("{FAE04EC0-301F-11D3-BF4B-00C04F79EFBC}") = "BreakContinue", "BreakContinue\BreakContinue.csproj", "{39E0D362-A2CC-4FE8-B761-6DAF98B3067E}"
EndProject
Project("{FAE04EC0-301F-11D3-BF4B-00C04F79EFBC}") = "IfExample", "IfExample\IfExample.csproj", "{3427F3E6-3656-4A79-A381-056F5C457B53}"
EndProject
Project("{FAE04EC0-301F-11D3-BF4B-00C04F79EFBC}") = "Skynet", "Skynet\Skynet.csproj", "{FA40F1A1-E187-4F3D-97D7-00E982155580}"
EndProject
Project("{FAE04EC0-301F-11D3-BF4B-00C04F79EFBC}") = "WoWRoles", "WoWRoles\WoWRoles.csproj", "{8978873F-3A05-4B09-BBA6-F8099F9A9016}"
EndProject
Global
	GlobalSection(SolutionConfigurationPlatforms) = preSolution
		Debug|Any CPU = Debug|Any CPU
		Release|Any CPU = Release|Any CPU
	EndGlobalSection
	GlobalSection(ProjectConfigurationPlatforms) = postSolution
		{39E0D362-A2CC-4FE8-B761-6DAF98B3067E}.Debug|Any CPU.ActiveCfg = Debug|Any CPU
		{39E0D362-A2CC-4FE8-B761-6DAF98B3067E}.Debug|Any CPU.Build.0 = Debug|Any CPU
		{39E0D362-A2CC-4FE8-B761-6DAF98B3067E}.Release|Any CPU.ActiveCfg = Release|Any CPU
		{39E0D362-A2CC-4FE8-B761-6DAF98B3067E}.Release|Any CPU.Build.0 = Release|Any CPU
		{3427F3E6-3656-4A79-A381-056F5C457B53}.Debug|Any CPU.ActiveCfg = Debug|Any CPU
		{3427F3E6-3656-4A79-A381-056F5C457B53}.Debug|Any CPU.Build.0 = Debug|Any CPU
		{3427F3E6-3656-4A79-A381-056F5C457B53}.Release|Any CPU.ActiveCfg = Release|Any CPU
		{3427F3E6-3656-4A79-A381-056F5C457B53}.Release|Any CPU.Build.0 = Release|Any CPU
		{FA40F1A1-E187-4F3D-97D7-00E982155580}.Debug|Any CPU.ActiveCfg = Debug|Any CPU
		{FA40F1A1-E187-4F3D-97D7-00E982155580}.Debug|Any CPU.Build.0 = Debug|Any CPU
		{FA40F1A1-E187-4F3D-97D7-00E982155580}.Release|Any CPU.ActiveCfg = Release|Any CPU
		{FA40F1A1-E187-4F3D-97D7-00E982155580}.Release|Any CPU.Build.0 = Release|Any CPU
		{8978873F-3A05-4B09-BBA6-F8099F9A9016}.Debug|Any CPU.ActiveCfg = Debug|Any CPU
		{8978873F-3A05-4B09-BBA6-F8099F9A9016}.Debug|Any CPU.Build.0 = Debug|Any CPU
		{8978873F-3A05-4B09-BBA6-F8099F9A9016}.Release|Any CPU.ActiveCfg = Release|Any CPU
		{8978873F-3A05-4B09-BBA6-F8099F9A9016}.Release|Any CPU.Build.0 = Release|Any CPU
	EndGlobalSection
	GlobalSection(SolutionProperties) = preSolution
		HideSolutionNode = FALSE
	EndGlobalSection
	GlobalSection(ExtensibilityGlobals) = postSolution
		SolutionGuid = {12431CEE-6B83-4A05-8336-9A08C36E2C4F}
	EndGlobalSection
EndGlobal
